
Microsoft Visual Studio Solution File, Format Version 12.00
# Visual Studio Version 17
VisualStudioVersion = 17.1.32228.430
MinimumVisualStudioVersion = 10.0.40219.1
Project("{9A19103F-16F7-4668-BE54-9A1E7A4F7556}") = "ConsoleApp2", "ConsoleApp2\ConsoleApp2.csproj", "{5CADFD80-E693-43C1-9C0A-03F92A79ED0A}"
EndProject
Project("{FAE04EC0-301F-11D3-BF4B-00C04F79EFBC}") = "ClassLibrary1", "ClassLibrary1\ClassLibrary1.csproj", "{9684DB0C-699B-4371-90E3-2A3E71E2CA14}"
EndProject
Global
	GlobalSection(SolutionConfigurationPlatforms) = preSolution
		Debug|Any CPU = Debug|Any CPU
		Release|Any CPU = Release|Any CPU
	EndGlobalSection
	GlobalSection(ProjectConfigurationPlatforms) = postSolution
		{5CADFD80-E693-43C1-9C0A-03F92A79ED0A}.Debug|Any CPU.ActiveCfg = Debug|Any CPU
		{5CADFD80-E693-43C1-9C0A-03F92A79ED0A}.Debug|Any CPU.Build.0 = Debug|Any CPU
		{5CADFD80-E693-43C1-9C0A-03F92A79ED0A}.Release|Any CPU.ActiveCfg = Release|Any CPU
		{5CADFD80-E693-43C1-9C0A-03F92A79ED0A}.Release|Any CPU.Build.0 = Release|Any CPU
		{9684DB0C-699B-4371-90E3-2A3E71E2CA14}.Debug|Any CPU.ActiveCfg = Debug|Any CPU
		{9684DB0C-699B-4371-90E3-2A3E71E2CA14}.Debug|Any CPU.Build.0 = Debug|Any CPU
		{9684DB0C-699B-4371-90E3-2A3E71E2CA14}.Release|Any CPU.ActiveCfg = Release|Any CPU
		{9684DB0C-699B-4371-90E3-2A3E71E2CA14}.Release|Any CPU.Build.0 = Release|Any CPU
	EndGlobalSection
	GlobalSection(SolutionProperties) = preSolution
		HideSolutionNode = FALSE
	EndGlobalSection
	GlobalSection(ExtensibilityGlobals) = postSolution
		SolutionGuid = {EC4BF4D7-67F6-451E-AA90-29A4648F6045}
	EndGlobalSection
EndGlobal
